// !$*UTF8*$!
{
	archiveVersion = 1;
	classes = {
	};
	objectVersion = 46;
	objects = {

/* Begin PBXBuildFile section */
		25D38F291BADBA1D00A927E8 /* main.m in Sources */ = {isa = PBXBuildFile; fileRef = 25D38F281BADBA1D00A927E8 /* main.m */; };
		25D38F2C1BADBA1D00A927E8 /* AppDelegate.m in Sources */ = {isa = PBXBuildFile; fileRef = 25D38F2B1BADBA1D00A927E8 /* AppDelegate.m */; };
		25D38F2F1BADBA1D00A927E8 /* ViewController.m in Sources */ = {isa = PBXBuildFile; fileRef = 25D38F2E1BADBA1D00A927E8 /* ViewController.m */; };
		25D38F321BADBA1D00A927E8 /* Main.storyboard in Resources */ = {isa = PBXBuildFile; fileRef = 25D38F301BADBA1D00A927E8 /* Main.storyboard */; };
		25D38F341BADBA1D00A927E8 /* Assets.xcassets in Resources */ = {isa = PBXBuildFile; fileRef = 25D38F331BADBA1D00A927E8 /* Assets.xcassets */; };
		25D38F371BADBA1D00A927E8 /* LaunchScreen.storyboard in Resources */ = {isa = PBXBuildFile; fileRef = 25D38F351BADBA1D00A927E8 /* LaunchScreen.storyboard */; };
		25D38F421BADBA1D00A927E8 /* momoTests.m in Sources */ = {isa = PBXBuildFile; fileRef = 25D38F411BADBA1D00A927E8 /* momoTests.m */; };
		25D38F4D1BADBA1E00A927E8 /* momoUITests.m in Sources */ = {isa = PBXBuildFile; fileRef = 25D38F4C1BADBA1E00A927E8 /* momoUITests.m */; };
/* End PBXBuildFile section */

/* Begin PBXContainerItemProxy section */
		25D38F3E1BADBA1D00A927E8 /* PBXContainerItemProxy */ = {
			isa = PBXContainerItemProxy;
			containerPortal = 25D38F1C1BADBA1D00A927E8 /* Project object */;
			proxyType = 1;
			remoteGlobalIDString = 25D38F231BADBA1D00A927E8;
			remoteInfo = momo;
		};
		25D38F491BADBA1D00A927E8 /* PBXContainerItemProxy */ = {
			isa = PBXContainerItemProxy;
			containerPortal = 25D38F1C1BADBA1D00A927E8 /* Project object */;
			proxyType = 1;
			remoteGlobalIDString = 25D38F231BADBA1D00A927E8;
			remoteInfo = momo;
		};
/* End PBXContainerItemProxy section */

/* Begin PBXFileReference section */
		25D38F241BADBA1D00A927E8 /* momo.app */ = {isa = PBXFileReference; explicitFileType = wrapper.application; includeInIndex = 0; path = momo.app; sourceTree = BUILT_PRODUCTS_DIR; };
		25D38F281BADBA1D00A927E8 /* main.m */ = {isa = PBXFileReference; lastKnownFileType = sourcecode.c.objc; path = main.m; sourceTree = "<group>"; };
		25D38F2A1BADBA1D00A927E8 /* AppDelegate.h */ = {isa = PBXFileReference; lastKnownFileType = sourcecode.c.h; path = AppDelegate.h; sourceTree = "<group>"; };
		25D38F2B1BADBA1D00A927E8 /* AppDelegate.m */ = {isa = PBXFileReference; lastKnownFileType = sourcecode.c.objc; path = AppDelegate.m; sourceTree = "<group>"; };
		25D38F2D1BADBA1D00A927E8 /* ViewController.h */ = {isa = PBXFileReference; lastKnownFileType = sourcecode.c.h; path = ViewController.h; sourceTree = "<group>"; };
		25D38F2E1BADBA1D00A927E8 /* ViewController.m */ = {isa = PBXFileReference; lastKnownFileType = sourcecode.c.objc; path = ViewController.m; sourceTree = "<group>"; };
		25D38F311BADBA1D00A927E8 /* Base */ = {isa = PBXFileReference; lastKnownFileType = file.storyboard; name = Base; path = Base.lproj/Main.storyboard; sourceTree = "<group>"; };
		25D38F331BADBA1D00A927E8 /* Assets.xcassets */ = {isa = PBXFileReference; lastKnownFileType = folder.assetcatalog; path = Assets.xcassets; sourceTree = "<group>"; };
		25D38F361BADBA1D00A927E8 /* Base */ = {isa = PBXFileReference; lastKnownFileType = file.storyboard; name = Base; path = Base.lproj/LaunchScreen.storyboard; sourceTree = "<group>"; };
		25D38F381BADBA1D00A927E8 /* Info.plist */ = {isa = PBXFileReference; lastKnownFileType = text.plist.xml; path = Info.plist; sourceTree = "<group>"; };
		25D38F3D1BADBA1D00A927E8 /* momoTests.xctest */ = {isa = PBXFileReference; explicitFileType = wrapper.cfbundle; includeInIndex = 0; path = momoTests.xctest; sourceTree = BUILT_PRODUCTS_DIR; };
		25D38F411BADBA1D00A927E8 /* momoTests.m */ = {isa = PBXFileReference; lastKnownFileType = sourcecode.c.objc; path = momoTests.m; sourceTree = "<group>"; };
		25D38F431BADBA1D00A927E8 /* Info.plist */ = {isa = PBXFileReference; lastKnownFileType = text.plist.xml; path = Info.plist; sourceTree = "<group>"; };
		25D38F481BADBA1D00A927E8 /* momoUITests.xctest */ = {isa = PBXFileReference; explicitFileType = wrapper.cfbundle; includeInIndex = 0; path = momoUITests.xctest; sourceTree = BUILT_PRODUCTS_DIR; };
		25D38F4C1BADBA1E00A927E8 /* momoUITests.m */ = {isa = PBXFileReference; lastKnownFileType = sourcecode.c.objc; path = momoUITests.m; sourceTree = "<group>"; };
		25D38F4E1BADBA1E00A927E8 /* Info.plist */ = {isa = PBXFileReference; lastKnownFileType = text.plist.xml; path = Info.plist; sourceTree = "<group>"; };
/* End PBXFileReference section */

/* Begin PBXFrameworksBuildPhase section */
		25D38F211BADBA1D00A927E8 /* Frameworks */ = {
			isa = PBXFrameworksBuildPhase;
			buildActionMask = 2147483647;
			files = (
			);
			runOnlyForDeploymentPostprocessing = 0;
		};
		25D38F3A1BADBA1D00A927E8 /* Frameworks */ = {
			isa = PBXFrameworksBuildPhase;
			buildActionMask = 2147483647;
			files = (
			);
			runOnlyForDeploymentPostprocessing = 0;
		};
		25D38F451BADBA1D00A927E8 /* Frameworks */ = {
			isa = PBXFrameworksBuildPhase;
			buildActionMask = 2147483647;
			files = (
			);
			runOnlyForDeploymentPostprocessing = 0;
		};
/* End PBXFrameworksBuildPhase section */

/* Begin PBXGroup section */
		25D38F1B1BADBA1D00A927E8 = {
			isa = PBXGroup;
			children = (
				25D38F261BADBA1D00A927E8 /* momo */,
				25D38F401BADBA1D00A927E8 /* momoTests */,
				25D38F4B1BADBA1E00A927E8 /* momoUITests */,
				25D38F251BADBA1D00A927E8 /* Products */,
			);
			sourceTree = "<group>";
		};
		25D38F251BADBA1D00A927E8 /* Products */ = {
			isa = PBXGroup;
			children = (
				25D38F241BADBA1D00A927E8 /* momo.app */,
				25D38F3D1BADBA1D00A927E8 /* momoTests.xctest */,
				25D38F481BADBA1D00A927E8 /* momoUITests.xctest */,
			);
			name = Products;
			sourceTree = "<group>";
		};
		25D38F261BADBA1D00A927E8 /* momo */ = {
			isa = PBXGroup;
			children = (
				25D38F2A1BADBA1D00A927E8 /* AppDelegate.h */,
				25D38F2B1BADBA1D00A927E8 /* AppDelegate.m */,
				25D38F2D1BADBA1D00A927E8 /* ViewController.h */,
				25D38F2E1BADBA1D00A927E8 /* ViewController.m */,
				25D38F301BADBA1D00A927E8 /* Main.storyboard */,
				25D38F331BADBA1D00A927E8 /* Assets.xcassets */,
				25D38F351BADBA1D00A927E8 /* LaunchScreen.storyboard */,
				25D38F381BADBA1D00A927E8 /* Info.plist */,
				25D38F271BADBA1D00A927E8 /* Supporting Files */,
			);
			path = momo;
			sourceTree = "<group>";
		};
		25D38F271BADBA1D00A927E8 /* Supporting Files */ = {
			isa = PBXGroup;
			children = (
				25D38F281BADBA1D00A927E8 /* main.m */,
			);
			name = "Supporting Files";
			sourceTree = "<group>";
		};
		25D38F401BADBA1D00A927E8 /* momoTests */ = {
			isa = PBXGroup;
			children = (
				25D38F411BADBA1D00A927E8 /* momoTests.m */,
				25D38F431BADBA1D00A927E8 /* Info.plist */,
			);
			path = momoTests;
			sourceTree = "<group>";
		};
		25D38F4B1BADBA1E00A927E8 /* momoUITests */ = {
			isa = PBXGroup;
			children = (
				25D38F4C1BADBA1E00A927E8 /* momoUITests.m */,
				25D38F4E1BADBA1E00A927E8 /* Info.plist */,
			);
			path = momoUITests;
			sourceTree = "<group>";
		};
/* End PBXGroup section */

/* Begin PBXNativeTarget section */
		25D38F231BADBA1D00A927E8 /* momo */ = {
			isa = PBXNativeTarget;
			buildConfigurationList = 25D38F511BADBA1E00A927E8 /* Build configuration list for PBXNativeTarget "momo" */;
			buildPhases = (
				25D38F201BADBA1D00A927E8 /* Sources */,
				25D38F211BADBA1D00A927E8 /* Frameworks */,
				25D38F221BADBA1D00A927E8 /* Resources */,
			);
			buildRules = (
			);
			dependencies = (
			);
			name = momo;
			productName = momo;
			productReference = 25D38F241BADBA1D00A927E8 /* momo.app */;
			productType = "com.apple.product-type.application";
		};
		25D38F3C1BADBA1D00A927E8 /* momoTests */ = {
			isa = PBXNativeTarget;
			buildConfigurationList = 25D38F541BADBA1E00A927E8 /* Build configuration list for PBXNativeTarget "momoTests" */;
			buildPhases = (
				25D38F391BADBA1D00A927E8 /* Sources */,
				25D38F3A1BADBA1D00A927E8 /* Frameworks */,
				25D38F3B1BADBA1D00A927E8 /* Resources */,
			);
			buildRules = (
			);
			dependencies = (
				25D38F3F1BADBA1D00A927E8 /* PBXTargetDependency */,
			);
			name = momoTests;
			productName = momoTests;
			productReference = 25D38F3D1BADBA1D00A927E8 /* momoTests.xctest */;
			productType = "com.apple.product-type.bundle.unit-test";
		};
		25D38F471BADBA1D00A927E8 /* momoUITests */ = {
			isa = PBXNativeTarget;
			buildConfigurationList = 25D38F571BADBA1E00A927E8 /* Build configuration list for PBXNativeTarget "momoUITests" */;
			buildPhases = (
				25D38F441BADBA1D00A927E8 /* Sources */,
				25D38F451BADBA1D00A927E8 /* Frameworks */,
				25D38F461BADBA1D00A927E8 /* Resources */,
			);
			buildRules = (
			);
			dependencies = (
				25D38F4A1BADBA1D00A927E8 /* PBXTargetDependency */,
			);
			name = momoUITests;
			productName = momoUITests;
			productReference = 25D38F481BADBA1D00A927E8 /* momoUITests.xctest */;
			productType = "com.apple.product-type.bundle.ui-testing";
		};
/* End PBXNativeTarget section */

/* Begin PBXProject section */
		25D38F1C1BADBA1D00A927E8 /* Project object */ = {
			isa = PBXProject;
			attributes = {
				LastUpgradeCheck = 0700;
				ORGANIZATIONNAME = xiaomage;
				TargetAttributes = {
					25D38F231BADBA1D00A927E8 = {
						CreatedOnToolsVersion = 7.0;
					};
					25D38F3C1BADBA1D00A927E8 = {
						CreatedOnToolsVersion = 7.0;
						TestTargetID = 25D38F231BADBA1D00A927E8;
					};
					25D38F471BADBA1D00A927E8 = {
						CreatedOnToolsVersion = 7.0;
						TestTargetID = 25D38F231BADBA1D00A927E8;
					};
				};
			};
			buildConfigurationList = 25D38F1F1BADBA1D00A927E8 /* Build configuration list for PBXProject "momo" */;
			compatibilityVersion = "Xcode 3.2";
			developmentRegion = English;
			hasScannedForEncodings = 0;
			knownRegions = (
				en,
				Base,
			);
			mainGroup = 25D38F1B1BADBA1D00A927E8;
			productRefGroup = 25D38F251BADBA1D00A927E8 /* Products */;
			projectDirPath = "";
			projectRoot = "";
			targets = (
				25D38F231BADBA1D00A927E8 /* momo */,
				25D38F3C1BADBA1D00A927E8 /* momoTests */,
				25D38F471BADBA1D00A927E8 /* momoUITests */,
			);
		};
/* End PBXProject section */

/* Begin PBXResourcesBuildPhase section */
		25D38F221BADBA1D00A927E8 /* Resources */ = {
			isa = PBXResourcesBuildPhase;
			buildActionMask = 2147483647;
			files = (
				25D38F371BADBA1D00A927E8 /* LaunchScreen.storyboard in Resources */,
				25D38F341BADBA1D00A927E8 /* Assets.xcassets in Resources */,
				25D38F321BADBA1D00A927E8 /* Main.storyboard in Resources */,
			);
			runOnlyForDeploymentPostprocessing = 0;
		};
		25D38F3B1BADBA1D00A927E8 /* Resources */ = {
			isa = PBXResourcesBuildPhase;
			buildActionMask = 2147483647;
			files = (
			);
			runOnlyForDeploymentPostprocessing = 0;
		};
		25D38F461BADBA1D00A927E8 /* Resources */ = {
			isa = PBXResourcesBuildPhase;
			buildActionMask = 2147483647;
			files = (
			);
			runOnlyForDeploymentPostprocessing = 0;
		};
/* End PBXResourcesBuildPhase section */

/* Begin PBXSourcesBuildPhase section */
		25D38F201BADBA1D00A927E8 /* Sources */ = {
			isa = PBXSourcesBuildPhase;
			buildActionMask = 2147483647;
			files = (
				25D38F2F1BADBA1D00A927E8 /* ViewController.m in Sources */,
				25D38F2C1BADBA1D00A927E8 /* AppDelegate.m in Sources */,
				25D38F291BADBA1D00A927E8 /* main.m in Sources */,
			);
			runOnlyForDeploymentPostprocessing = 0;
		};
		25D38F391BADBA1D00A927E8 /* Sources */ = {
			isa = PBXSourcesBuildPhase;
			buildActionMask = 2147483647;
			files = (
				25D38F421BADBA1D00A927E8 /* momoTests.m in Sources */,
			);
			runOnlyForDeploymentPostprocessing = 0;
		};
		25D38F441BADBA1D00A927E8 /* Sources */ = {
			isa = PBXSourcesBuildPhase;
			buildActionMask = 2147483647;
			files = (
				25D38F4D1BADBA1E00A927E8 /* momoUITests.m in Sources */,
			);
			runOnlyForDeploymentPostprocessing = 0;
		};
/* End PBXSourcesBuildPhase section */

/* Begin PBXTargetDependency section */
		25D38F3F1BADBA1D00A927E8 /* PBXTargetDependency */ = {
			isa = PBXTargetDependency;
			target = 25D38F231BADBA1D00A927E8 /* momo */;
			targetProxy = 25D38F3E1BADBA1D00A927E8 /* PBXContainerItemProxy */;
		};
		25D38F4A1BADBA1D00A927E8 /* PBXTargetDependency */ = {
			isa = PBXTargetDependency;
			target = 25D38F231BADBA1D00A927E8 /* momo */;
			targetProxy = 25D38F491BADBA1D00A927E8 /* PBXContainerItemProxy */;
		};
/* End PBXTargetDependency section */

/* Begin PBXVariantGroup section */
		25D38F301BADBA1D00A927E8 /* Main.storyboard */ = {
			isa = PBXVariantGroup;
			children = (
				25D38F311BADBA1D00A927E8 /* Base */,
			);
			name = Main.storyboard;
			sourceTree = "<group>";
		};
		25D38F351BADBA1D00A927E8 /* LaunchScreen.storyboard */ = {
			isa = PBXVariantGroup;
			children = (
				25D38F361BADBA1D00A927E8 /* Base */,
			);
			name = LaunchScreen.storyboard;
			sourceTree = "<group>";
		};
/* End PBXVariantGroup section */

/* Begin XCBuildConfiguration section */
		25D38F4F1BADBA1E00A927E8 /* Debug */ = {
			isa = XCBuildConfiguration;
			buildSettings = {
				ALWAYS_SEARCH_USER_PATHS = NO;
				CLANG_CXX_LANGUAGE_STANDARD = "gnu++0x";
				CLANG_CXX_LIBRARY = "libc++";
				CLANG_ENABLE_MODULES = YES;
				CLANG_ENABLE_OBJC_ARC = YES;
				CLANG_WARN_BOOL_CONVERSION = YES;
				CLANG_WARN_CONSTANT_CONVERSION = YES;
				CLANG_WARN_DIRECT_OBJC_ISA_USAGE = YES_ERROR;
				CLANG_WARN_EMPTY_BODY = YES;
				CLANG_WARN_ENUM_CONVERSION = YES;
				CLANG_WARN_INT_CONVERSION = YES;
				CLANG_WARN_OBJC_ROOT_CLASS = YES_ERROR;
				CLANG_WARN_UNREACHABLE_CODE = YES;
				CLANG_WARN__DUPLICATE_METHOD_MATCH = YES;
				"CODE_SIGN_IDENTITY[sdk=iphoneos*]" = "iPhone Developer";
				COPY_PHASE_STRIP = NO;
				DEBUG_INFORMATION_FORMAT = dwarf;
				ENABLE_STRICT_OBJC_MSGSEND = YES;
				ENABLE_TESTABILITY = YES;
				GCC_C_LANGUAGE_STANDARD = gnu99;
				GCC_DYNAMIC_NO_PIC = NO;
				GCC_NO_COMMON_BLOCKS = YES;
				GCC_OPTIMIZATION_LEVEL = 0;
				GCC_PREPROCESSOR_DEFINITIONS = (
					"DEBUG=1",
					"$(inherited)",
				);
				GCC_WARN_64_TO_32_BIT_CONVERSION = YES;
				GCC_WARN_ABOUT_RETURN_TYPE = YES_ERROR;
				GCC_WARN_UNDECLARED_SELECTOR = YES;
				GCC_WARN_UNINITIALIZED_AUTOS = YES_AGGRESSIVE;
				GCC_WARN_UNUSED_FUNCTION = YES;
				GCC_WARN_UNUSED_VARIABLE = YES;
				IPHONEOS_DEPLOYMENT_TARGET = 9.0;
				MTL_ENABLE_DEBUG_INFO = YES;
				ONLY_ACTIVE_ARCH = YES;
				SDKROOT = iphoneos;
			};
			name = Debug;
		};
		25D38F501BADBA1E00A927E8 /* Release */ = {
			isa = XCBuildConfiguration;
			buildSettings = {
				ALWAYS_SEARCH_USER_PATHS = NO;
				CLANG_CXX_LANGUAGE_STANDARD = "gnu++0x";
				CLANG_CXX_LIBRARY = "libc++";
				CLANG_ENABLE_MODULES = YES;
				CLANG_ENABLE_OBJC_ARC = YES;
				CLANG_WARN_BOOL_CONVERSION = YES;
				CLANG_WARN_CONSTANT_CONVERSION = YES;
				CLANG_WARN_DIRECT_OBJC_ISA_USAGE = YES_ERROR;
				CLANG_WARN_EMPTY_BODY = YES;
				CLANG_WARN_ENUM_CONVERSION = YES;
				CLANG_WARN_INT_CONVERSION = YES;
				CLANG_WARN_OBJC_ROOT_CLASS = YES_ERROR;
				CLANG_WARN_UNREACHABLE_CODE = YES;
				CLANG_WARN__DUPLICATE_METHOD_MATCH = YES;
				"CODE_SIGN_IDENTITY[sdk=iphoneos*]" = "iPhone Developer";
				COPY_PHASE_STRIP = NO;
				DEBUG_INFORMATION_FORMAT = "dwarf-with-dsym";
				ENABLE_NS_ASSERTIONS = NO;
				ENABLE_STRICT_OBJC_MSGSEND = YES;
				GCC_C_LANGUAGE_STANDARD = gnu99;
				GCC_NO_COMMON_BLOCKS = YES;
				GCC_WARN_64_TO_32_BIT_CONVERSION = YES;
				GCC_WARN_ABOUT_RETURN_TYPE = YES_ERROR;
				GCC_WARN_UNDECLARED_SELECTOR = YES;
				GCC_WARN_UNINITIALIZED_AUTOS = YES_AGGRESSIVE;
				GCC_WARN_UNUSED_FUNCTION = YES;
				GCC_WARN_UNUSED_VARIABLE = YES;
				IPHONEOS_DEPLOYMENT_TARGET = 9.0;
				MTL_ENABLE_DEBUG_INFO = NO;
				SDKROOT = iphoneos;
				VALIDATE_PRODUCT = YES;
			};
			name = Release;
		};
		25D38F521BADBA1E00A927E8 /* Debug */ = {
			isa = XCBuildConfiguration;
			buildSettings = {
				ASSETCATALOG_COMPILER_APPICON_NAME = AppIcon;
				INFOPLIST_FILE = momo/Info.plist;
				LD_RUNPATH_SEARCH_PATHS = "$(inherited) @executable_path/Frameworks";
				PRODUCT_BUNDLE_IDENTIFIER = com.520it.momo;
				PRODUCT_NAME = "$(TARGET_NAME)";
			};
			name = Debug;
		};
		25D38F531BADBA1E00A927E8 /* Release */ = {
			isa = XCBuildConfiguration;
			buildSettings = {
				ASSETCATALOG_COMPILER_APPICON_NAME = AppIcon;
				INFOPLIST_FILE = momo/Info.plist;
				LD_RUNPATH_SEARCH_PATHS = "$(inherited) @executable_path/Frameworks";
				PRODUCT_BUNDLE_IDENTIFIER = com.520it.momo;
				PRODUCT_NAME = "$(TARGET_NAME)";
			};
			name = Release;
		};
		25D38F551BADBA1E00A927E8 /* Debug */ = {
			isa = XCBuildConfiguration;
			buildSettings = {
				BUNDLE_LOADER = "$(TEST_HOST)";
				INFOPLIST_FILE = momoTests/Info.plist;
				LD_RUNPATH_SEARCH_PATHS = "$(inherited) @executable_path/Frameworks @loader_path/Frameworks";
				PRODUCT_BUNDLE_IDENTIFIER = com.520it.momoTests;
				PRODUCT_NAME = "$(TARGET_NAME)";
				TEST_HOST = "$(BUILT_PRODUCTS_DIR)/momo.app/momo";
			};
			name = Debug;
		};
		25D38F561BADBA1E00A927E8 /* Release */ = {
			isa = XCBuildConfiguration;
			buildSettings = {
				BUNDLE_LOADER = "$(TEST_HOST)";
				INFOPLIST_FILE = momoTests/Info.plist;
				LD_RUNPATH_SEARCH_PATHS = "$(inherited) @executable_path/Frameworks @loader_path/Frameworks";
				PRODUCT_BUNDLE_IDENTIFIER = com.520it.momoTests;
				PRODUCT_NAME = "$(TARGET_NAME)";
				TEST_HOST = "$(BUILT_PRODUCTS_DIR)/momo.app/momo";
			};
			name = Release;
		};
		25D38F581BADBA1E00A927E8 /* Debug */ = {
			isa = XCBuildConfiguration;
			buildSettings = {
				INFOPLIST_FILE = momoUITests/Info.plist;
				LD_RUNPATH_SEARCH_PATHS = "$(inherited) @executable_path/Frameworks @loader_path/Frameworks";
				PRODUCT_BUNDLE_IDENTIFIER = com.520it.momoUITests;
				PRODUCT_NAME = "$(TARGET_NAME)";
				TEST_TARGET_NAME = momo;
				USES_XCTRUNNER = YES;
			};
			name = Debug;
		};
		25D38F591BADBA1E00A927E8 /* Release */ = {
			isa = XCBuildConfiguration;
			buildSettings = {
				INFOPLIST_FILE = momoUITests/Info.plist;
				LD_RUNPATH_SEARCH_PATHS = "$(inherited) @executable_path/Frameworks @loader_path/Frameworks";
				PRODUCT_BUNDLE_IDENTIFIER = com.520it.momoUITests;
				PRODUCT_NAME = "$(TARGET_NAME)";
				TEST_TARGET_NAME = momo;
				USES_XCTRUNNER = YES;
			};
			name = Release;
		};
/* End XCBuildConfiguration section */

/* Begin XCConfigurationList section */
		25D38F1F1BADBA1D00A927E8 /* Build configuration list for PBXProject "momo" */ = {
			isa = XCConfigurationList;
			buildConfigurations = (
				25D38F4F1BADBA1E00A927E8 /* Debug */,
				25D38F501BADBA1E00A927E8 /* Release */,
			);
			defaultConfigurationIsVisible = 0;
			defaultConfigurationName = Release;
		};
		25D38F511BADBA1E00A927E8 /* Build configuration list for PBXNativeTarget "momo" */ = {
			isa = XCConfigurationList;
			buildConfigurations = (
				25D38F521BADBA1E00A927E8 /* Debug */,
				25D38F531BADBA1E00A927E8 /* Release */,
			);
			defaultConfigurationIsVisible = 0;
		};
		25D38F541BADBA1E00A927E8 /* Build configuration list for PBXNativeTarget "momoTests" */ = {
			isa = XCConfigurationList;
			buildConfigurations = (
				25D38F551BADBA1E00A927E8 /* Debug */,
				25D38F561BADBA1E00A927E8 /* Release */,
			);
			defaultConfigurationIsVisible = 0;
		};
		25D38F571BADBA1E00A927E8 /* Build configuration list for PBXNativeTarget "momoUITests" */ = {
			isa = XCConfigurationList;
			buildConfigurations = (
				25D38F581BADBA1E00A927E8 /* Debug */,
				25D38F591BADBA1E00A927E8 /* Release */,
			);
			defaultConfigurationIsVisible = 0;
		};
/* End XCConfigurationList section */
	};
	rootObject = 25D38F1C1BADBA1D00A927E8 /* Project object */;
}
